
Microsoft Visual Studio Solution File, Format Version 12.00
# Visual Studio Version 16
VisualStudioVersion = 25.0.1704.0
MinimumVisualStudioVersion = 10.0.40219.1
Project("{FAE04EC0-301F-11D3-BF4B-00C04F79EFBC}") = "FastPass.UI", "FastPass.UI\FastPass.UI.csproj", "{D9C65424-1F3F-4D47-84D6-D57B0F50A20C}"
EndProject
Global
	GlobalSection(SolutionConfigurationPlatforms) = preSolution
		Debug|Any CPU = Debug|Any CPU
		Release|Any CPU = Release|Any CPU
	EndGlobalSection
	GlobalSection(ProjectConfigurationPlatforms) = postSolution
		{D9C65424-1F3F-4D47-84D6-D57B0F50A20C}.Debug|Any CPU.ActiveCfg = Debug|Any CPU
		{D9C65424-1F3F-4D47-84D6-D57B0F50A20C}.Debug|Any CPU.Build.0 = Debug|Any CPU
		{D9C65424-1F3F-4D47-84D6-D57B0F50A20C}.Release|Any CPU.ActiveCfg = Release|Any CPU
		{D9C65424-1F3F-4D47-84D6-D57B0F50A20C}.Release|Any CPU.Build.0 = Release|Any CPU
	EndGlobalSection
	GlobalSection(SolutionProperties) = preSolution
		HideSolutionNode = FALSE
	EndGlobalSection
	GlobalSection(ExtensibilityGlobals) = postSolution
		SolutionGuid = {63A35E36-6B2F-4754-87FF-F61749590A3A}
	EndGlobalSection
EndGlobal
