
Microsoft Visual Studio Solution File, Format Version 12.00
# Visual Studio Version 17
VisualStudioVersion = 17.4.33103.184
MinimumVisualStudioVersion = 10.0.40219.1
Project("{9A19103F-16F7-4668-BE54-9A1E7A4F7556}") = "FastPass.UI", "FastPass.UI\FastPass.UI.csproj", "{D9C65424-1F3F-4D47-84D6-D57B0F50A20C}"
EndProject
Project("{9A19103F-16F7-4668-BE54-9A1E7A4F7556}") = "FastPass.API", "FastPass.API\FastPass.API.csproj", "{6FEA3AC3-D85F-4EA2-8242-955CA6956C3D}"
EndProject
Project("{9A19103F-16F7-4668-BE54-9A1E7A4F7556}") = "FastPass.Models", "FastPass.Models\FastPass.Models.csproj", "{2A5691BB-7ED8-415E-8C45-310A39D2F863}"
EndProject
Project("{FAE04EC0-301F-11D3-BF4B-00C04F79EFBC}") = "FastPass.Functions.EasyAuth", "FastPass.Functions.EasyAuth\FastPass.Functions.EasyAuth.csproj", "{8EBF25C6-44F7-42E5-9BD4-DA9AD9A0B81E}"
EndProject
Global
	GlobalSection(SolutionConfigurationPlatforms) = preSolution
		Debug|Any CPU = Debug|Any CPU
		Release|Any CPU = Release|Any CPU
	EndGlobalSection
	GlobalSection(ProjectConfigurationPlatforms) = postSolution
		{D9C65424-1F3F-4D47-84D6-D57B0F50A20C}.Debug|Any CPU.ActiveCfg = Debug|Any CPU
		{D9C65424-1F3F-4D47-84D6-D57B0F50A20C}.Debug|Any CPU.Build.0 = Debug|Any CPU
		{D9C65424-1F3F-4D47-84D6-D57B0F50A20C}.Release|Any CPU.ActiveCfg = Release|Any CPU
		{D9C65424-1F3F-4D47-84D6-D57B0F50A20C}.Release|Any CPU.Build.0 = Release|Any CPU
		{6FEA3AC3-D85F-4EA2-8242-955CA6956C3D}.Debug|Any CPU.ActiveCfg = Debug|Any CPU
		{6FEA3AC3-D85F-4EA2-8242-955CA6956C3D}.Debug|Any CPU.Build.0 = Debug|Any CPU
		{6FEA3AC3-D85F-4EA2-8242-955CA6956C3D}.Release|Any CPU.ActiveCfg = Release|Any CPU
		{6FEA3AC3-D85F-4EA2-8242-955CA6956C3D}.Release|Any CPU.Build.0 = Release|Any CPU
		{2A5691BB-7ED8-415E-8C45-310A39D2F863}.Debug|Any CPU.ActiveCfg = Debug|Any CPU
		{2A5691BB-7ED8-415E-8C45-310A39D2F863}.Debug|Any CPU.Build.0 = Debug|Any CPU
		{2A5691BB-7ED8-415E-8C45-310A39D2F863}.Release|Any CPU.ActiveCfg = Release|Any CPU
		{2A5691BB-7ED8-415E-8C45-310A39D2F863}.Release|Any CPU.Build.0 = Release|Any CPU
		{8EBF25C6-44F7-42E5-9BD4-DA9AD9A0B81E}.Debug|Any CPU.ActiveCfg = Debug|Any CPU
		{8EBF25C6-44F7-42E5-9BD4-DA9AD9A0B81E}.Debug|Any CPU.Build.0 = Debug|Any CPU
		{8EBF25C6-44F7-42E5-9BD4-DA9AD9A0B81E}.Release|Any CPU.ActiveCfg = Release|Any CPU
		{8EBF25C6-44F7-42E5-9BD4-DA9AD9A0B81E}.Release|Any CPU.Build.0 = Release|Any CPU
	EndGlobalSection
	GlobalSection(SolutionProperties) = preSolution
		HideSolutionNode = FALSE
	EndGlobalSection
	GlobalSection(ExtensibilityGlobals) = postSolution
		SolutionGuid = {63A35E36-6B2F-4754-87FF-F61749590A3A}
	EndGlobalSection
EndGlobal
